
Microsoft Visual Studio Solution File, Format Version 12.00
# Visual Studio Version 17
VisualStudioVersion = 17.4.33205.214
MinimumVisualStudioVersion = 10.0.40219.1
Project("{FAE04EC0-301F-11D3-BF4B-00C04F79EFBC}") = "MiPrimeraAppAspMVC_TiempoReal", "MiPrimeraAppAspMVC_TiempoReal\MiPrimeraAppAspMVC_TiempoReal.csproj", "{0115BD53-9128-4B86-A86B-DBF5EC71FE0F}"
EndProject
Global
	GlobalSection(SolutionConfigurationPlatforms) = preSolution
		Debug|Any CPU = Debug|Any CPU
		Release|Any CPU = Release|Any CPU
	EndGlobalSection
	GlobalSection(ProjectConfigurationPlatforms) = postSolution
		{0115BD53-9128-4B86-A86B-DBF5EC71FE0F}.Debug|Any CPU.ActiveCfg = Debug|Any CPU
		{0115BD53-9128-4B86-A86B-DBF5EC71FE0F}.Debug|Any CPU.Build.0 = Debug|Any CPU
		{0115BD53-9128-4B86-A86B-DBF5EC71FE0F}.Release|Any CPU.ActiveCfg = Release|Any CPU
		{0115BD53-9128-4B86-A86B-DBF5EC71FE0F}.Release|Any CPU.Build.0 = Release|Any CPU
	EndGlobalSection
	GlobalSection(SolutionProperties) = preSolution
		HideSolutionNode = FALSE
	EndGlobalSection
	GlobalSection(ExtensibilityGlobals) = postSolution
		SolutionGuid = {60B589F3-C056-45D0-BB45-6B7DFADA07D9}
	EndGlobalSection
EndGlobal
